{
  "name": "@kaito_kuroba/my-fullpage",
  "version": "1.0.3",
  "lockfileVersion": 2,
  "requires": true,
  "packages": {
    "": {
      "name": "@kaito_kuroba/my-fullpage",
      "version": "1.0.3",
      "license": "ISC",
      "dependencies": {
        "@kaito_kuroba/my-fullpage": "^1.0.1"
      },
      "devDependencies": {
        "typescript": "^4.6.3"
      }
    },
    "node_modules/@kaito_kuroba/my-fullpage": {
      "version": "1.0.1",
      "resolved": "https://registry.npmjs.org/@kaito_kuroba/my-fullpage/-/my-fullpage-1.0.1.tgz",
      "integrity": "sha512-z1GeJnye+j/fGswVi0gypeWfD9BbQRmJ4Nb1+Z/wsva1trA+my/vI+0R1My2ogxkVkjGwj+DlK9vd0fX/fxDIQ=="
    },
    "node_modules/typescript": {
      "version": "4.6.3",
      "resolved": "https://registry.npmjs.org/typescript/-/typescript-4.6.3.tgz",
      "integrity": "sha512-yNIatDa5iaofVozS/uQJEl3JRWLKKGJKh6Yaiv0GLGSuhpFJe7P3SbHZ8/yjAHRQwKRoA6YZqlfjXWmVzoVSMw==",
      "dev": true,
      "bin": {
        "tsc": "bin/tsc",
        "tsserver": "bin/tsserver"
      },
      "engines": {
        "node": ">=4.2.0"
      }
    }
  },
  "dependencies": {
    "@kaito_kuroba/my-fullpage": {
      "version": "1.0.1",
      "resolved": "https://registry.npmjs.org/@kaito_kuroba/my-fullpage/-/my-fullpage-1.0.1.tgz",
      "integrity": "sha512-z1GeJnye+j/fGswVi0gypeWfD9BbQRmJ4Nb1+Z/wsva1trA+my/vI+0R1My2ogxkVkjGwj+DlK9vd0fX/fxDIQ=="
    },
    "typescript": {
      "version": "4.6.3",
      "resolved": "https://registry.npmjs.org/typescript/-/typescript-4.6.3.tgz",
      "integrity": "sha512-yNIatDa5iaofVozS/uQJEl3JRWLKKGJKh6Yaiv0GLGSuhpFJe7P3SbHZ8/yjAHRQwKRoA6YZqlfjXWmVzoVSMw==",
      "dev": true
    }
  }
}
